<?xml version="1.0" encoding="utf-8"?>
<Project ToolsVersion="4.0" xmlns="http://schemas.microsoft.com/developer/msbuild/2003">
  <ItemGroup>
    <Filter Include="Source Files">
      <UniqueIdentifier>{4FC737F1-C7A5-4376-A066-2A32D752A2FF}</UniqueIdentifier>
      <Extensions>cpp;c;cc;cxx;c++;cppm;ixx;def;odl;idl;hpj;bat;asm;asmx</Extensions>
    </Filter>
    <Filter Include="Header Files">
      <UniqueIdentifier>{93995380-89BD-4b04-88EB-625FBE52EBFB}</UniqueIdentifier>
      <Extensions>h;hh;hpp;hxx;h++;hm;inl;inc;ipp;xsd</Extensions>
    </Filter>
    <Filter Include="Resource Files">
      <UniqueIdentifier>{67DA6AB6-F800-4c08-8B7A-83BB121AAD01}</UniqueIdentifier>
      <Extensions>rc;ico;cur;bmp;dlg;rc2;rct;bin;rgs;gif;jpg;jpeg;jpe;resx;tiff;tif;png;wav;mfcribbon-ms</Extensions>
    </Filter>
  </ItemGroup>
  <ItemGroup>
    <ClInclude Include="include\CFinalSunApp.h">
      <Filter>Header Files</Filter>
    </ClInclude>
    <ClInclude Include="include\CFinalSunDlg.h">
      <Filter>Header Files</Filter>
    </ClInclude>
    <ClInclude Include="include\Resource.h">
      <Filter>Header Files</Filter>
    </ClInclude>
    <ClInclude Include="include\Always.h">
      <Filter>Header Files</Filter>
    </ClInclude>
    <ClInclude Include="include\CFinalSunLog.h">
      <Filter>Header Files</Filter>
    </ClInclude>
    <ClInclude Include="include\CINI.h">
      <Filter>Header Files</Filter>
    </ClInclude>
    <ClInclude Include="include\CLoading.h">
      <Filter>Header Files</Filter>
    </ClInclude>
    <ClInclude Include="include\EnumHelper.h">
      <Filter>Header Files</Filter>
    </ClInclude>
    <ClInclude Include="include\CObjectImage.h">
      <Filter>Header Files</Filter>
    </ClInclude>
    <ClInclude Include="include\CPalFile.h">
      <Filter>Header Files</Filter>
    </ClInclude>
    <ClInclude Include="include\CRGBClass.h">
      <Filter>Header Files</Filter>
    </ClInclude>
    <ClInclude Include="include\CHSVClass.h">
      <Filter>Header Files</Filter>
    </ClInclude>
    <ClInclude Include="include\CMixFile.h">
      <Filter>Header Files</Filter>
    </ClInclude>
    <ClInclude Include="include\CBlowFish.h">
      <Filter>Header Files</Filter>
    </ClInclude>
    <ClInclude Include="include\CCRC.h">
      <Filter>Header Files</Filter>
    </ClInclude>
    <ClInclude Include="include\CPublicKey.h">
      <Filter>Header Files</Filter>
    </ClInclude>
  </ItemGroup>
  <ItemGroup>
    <ClCompile Include="src\CFinalSunApp.cpp">
      <Filter>Source Files</Filter>
    </ClCompile>
    <ClCompile Include="src\Dialogs\CFinalSunDlg.cpp">
      <Filter>Source Files</Filter>
    </ClCompile>
    <ClCompile Include="src\CFinalSunLog.cpp">
      <Filter>Source Files</Filter>
    </ClCompile>
    <ClCompile Include="src\Structures\CINI.cpp">
      <Filter>Source Files</Filter>
    </ClCompile>
    <ClCompile Include="src\Structures\CObjectImage.cpp">
      <Filter>Source Files</Filter>
    </ClCompile>
    <ClCompile Include="src\Structures\CRGBClass.cpp">
      <Filter>Source Files</Filter>
    </ClCompile>
    <ClCompile Include="src\Structures\CHSVClass.cpp">
      <Filter>Source Files</Filter>
    </ClCompile>
    <ClCompile Include="src\Structures\CPalFile.cpp">
      <Filter>Source Files</Filter>
    </ClCompile>
    <ClCompile Include="src\Structures\CMixFile.cpp">
      <Filter>Source Files</Filter>
    </ClCompile>
    <ClCompile Include="src\Algorithms\CBlowFish.cpp">
      <Filter>Source Files</Filter>
    </ClCompile>
    <ClCompile Include="src\Algorithms\CCRC.cpp">
      <Filter>Source Files</Filter>
    </ClCompile>
    <ClCompile Include="src\Algorithms\CPublicKey.cpp">
      <Filter>Source Files</Filter>
    </ClCompile>
  </ItemGroup>
  <ItemGroup>
    <ResourceCompile Include="res\CFinalSunApp.rc">
      <Filter>Resource Files</Filter>
    </ResourceCompile>
    <ResourceCompile Include="res\Accelerators.rc">
      <Filter>Resource Files</Filter>
    </ResourceCompile>
  </ItemGroup>
</Project>